Microsoft Visual Studio Solution File, Format Version 12.00
# Visual Studio Version 17
VisualStudioVersion = 17.5.2.0
MinimumVisualStudioVersion = 10.0.40219.1
Project("{FAE04EC0-301F-11D3-BF4B-00C04F79EFBC}") = "fanOutFanIn", "FanOutFanIn\fanOutFanIn.csproj", "{FC76E0CB-8704-2AA1-F444-03D7E53E7C71}"
EndProject
Project("{2150E333-8FDC-42A3-9474-1A3956D46DE8}") = "FanOutFanIn", "FanOutFanIn", "{EC2BDEAB-6783-71B0-C9B1-3BE1226F7740}"
EndProject
Project("{2150E333-8FDC-42A3-9474-1A3956D46DE8}") = "obj", "obj", "{DF43A6E5-812C-874B-5777-E4EC75B38727}"
EndProject
Project("{2150E333-8FDC-42A3-9474-1A3956D46DE8}") = "Release", "Release", "{3D58955A-D9D1-C749-1E49-1AD0DBAE7D22}"
EndProject
Project("{2150E333-8FDC-42A3-9474-1A3956D46DE8}") = "net8.0", "net8.0", "{D8A883A6-91AB-E843-EAAD-F4D52603683F}"
EndProject
Project("{FAE04EC0-301F-11D3-BF4B-00C04F79EFBC}") = "WorkerExtensions", "FanOutFanIn\obj\Release\net8.0\WorkerExtensions\WorkerExtensions.csproj", "{EDA5FDC1-C150-D599-0E53-6E05B47BF162}"
EndProject
Project("{2150E333-8FDC-42A3-9474-1A3956D46DE8}") = "Debug", "Debug", "{F54858BB-E041-8B28-F3F4-F1F71B1FE724}"
EndProject
Project("{2150E333-8FDC-42A3-9474-1A3956D46DE8}") = "net8.0", "net8.0", "{C0C2A831-439D-E5AD-22BF-006F73E34093}"
EndProject
Project("{FAE04EC0-301F-11D3-BF4B-00C04F79EFBC}") = "WorkerExtensions", "FanOutFanIn\obj\Debug\net8.0\WorkerExtensions\WorkerExtensions.csproj", "{F03B1AE1-7608-C836-6E79-284C4C0AEC6E}"
EndProject
Global
	GlobalSection(SolutionConfigurationPlatforms) = preSolution
		Debug|Any CPU = Debug|Any CPU
		Release|Any CPU = Release|Any CPU
	EndGlobalSection
	GlobalSection(ProjectConfigurationPlatforms) = postSolution
		{FC76E0CB-8704-2AA1-F444-03D7E53E7C71}.Debug|Any CPU.ActiveCfg = Debug|Any CPU
		{FC76E0CB-8704-2AA1-F444-03D7E53E7C71}.Debug|Any CPU.Build.0 = Debug|Any CPU
		{FC76E0CB-8704-2AA1-F444-03D7E53E7C71}.Release|Any CPU.ActiveCfg = Release|Any CPU
		{FC76E0CB-8704-2AA1-F444-03D7E53E7C71}.Release|Any CPU.Build.0 = Release|Any CPU
		{EDA5FDC1-C150-D599-0E53-6E05B47BF162}.Debug|Any CPU.ActiveCfg = Debug|Any CPU
		{EDA5FDC1-C150-D599-0E53-6E05B47BF162}.Debug|Any CPU.Build.0 = Debug|Any CPU
		{EDA5FDC1-C150-D599-0E53-6E05B47BF162}.Release|Any CPU.ActiveCfg = Release|Any CPU
		{EDA5FDC1-C150-D599-0E53-6E05B47BF162}.Release|Any CPU.Build.0 = Release|Any CPU
		{F03B1AE1-7608-C836-6E79-284C4C0AEC6E}.Debug|Any CPU.ActiveCfg = Debug|Any CPU
		{F03B1AE1-7608-C836-6E79-284C4C0AEC6E}.Debug|Any CPU.Build.0 = Debug|Any CPU
		{F03B1AE1-7608-C836-6E79-284C4C0AEC6E}.Release|Any CPU.ActiveCfg = Release|Any CPU
		{F03B1AE1-7608-C836-6E79-284C4C0AEC6E}.Release|Any CPU.Build.0 = Release|Any CPU
	EndGlobalSection
	GlobalSection(SolutionProperties) = preSolution
		HideSolutionNode = FALSE
	EndGlobalSection
	GlobalSection(NestedProjects) = preSolution
		{DF43A6E5-812C-874B-5777-E4EC75B38727} = {EC2BDEAB-6783-71B0-C9B1-3BE1226F7740}
		{3D58955A-D9D1-C749-1E49-1AD0DBAE7D22} = {DF43A6E5-812C-874B-5777-E4EC75B38727}
		{D8A883A6-91AB-E843-EAAD-F4D52603683F} = {3D58955A-D9D1-C749-1E49-1AD0DBAE7D22}
		{EDA5FDC1-C150-D599-0E53-6E05B47BF162} = {D8A883A6-91AB-E843-EAAD-F4D52603683F}
		{F54858BB-E041-8B28-F3F4-F1F71B1FE724} = {DF43A6E5-812C-874B-5777-E4EC75B38727}
		{C0C2A831-439D-E5AD-22BF-006F73E34093} = {F54858BB-E041-8B28-F3F4-F1F71B1FE724}
		{F03B1AE1-7608-C836-6E79-284C4C0AEC6E} = {C0C2A831-439D-E5AD-22BF-006F73E34093}
	EndGlobalSection
	GlobalSection(ExtensibilityGlobals) = postSolution
		SolutionGuid = {26761FCB-542B-414D-89DD-AF1C21EEABA0}
	EndGlobalSection
EndGlobal
